
Microsoft Visual Studio Solution File, Format Version 12.00
# Visual Studio 15
VisualStudioVersion = 15.0.26430.14
MinimumVisualStudioVersion = 10.0.40219.1
Project("{9A19103F-16F7-4668-BE54-9A1E7A4F7556}") = "DapperExtensionsReloaded", "DapperExtensionsReloaded\DapperExtensionsReloaded.csproj", "{52F60584-4A1D-49AC-B212-599F2B4BF462}"
EndProject
Project("{9A19103F-16F7-4668-BE54-9A1E7A4F7556}") = "DapperExtensionsReloaded.Test.Entities", "DapperExtensionsReloaded.Test.Entities\DapperExtensionsReloaded.Test.Entities.csproj", "{2F8A63A5-122F-460E-8ED3-1944AEB7E342}"
EndProject
Project("{9A19103F-16F7-4668-BE54-9A1E7A4F7556}") = "DapperExtensionsReloaded.Test", "DapperExtensionsReloaded.Test\DapperExtensionsReloaded.Test.csproj", "{587A7008-E9CE-42B9-AADB-4779CF3E6EC0}"
EndProject
Project("{2150E333-8FDC-42A3-9474-1A3956D46DE8}") = "Tests", "Tests", "{CF1185A5-A312-4568-8D92-24CB67E40FB3}"
EndProject
Global
	GlobalSection(SolutionConfigurationPlatforms) = preSolution
		Debug|Any CPU = Debug|Any CPU
		Release|Any CPU = Release|Any CPU
	EndGlobalSection
	GlobalSection(ProjectConfigurationPlatforms) = postSolution
		{52F60584-4A1D-49AC-B212-599F2B4BF462}.Debug|Any CPU.ActiveCfg = Debug|Any CPU
		{52F60584-4A1D-49AC-B212-599F2B4BF462}.Debug|Any CPU.Build.0 = Debug|Any CPU
		{52F60584-4A1D-49AC-B212-599F2B4BF462}.Release|Any CPU.ActiveCfg = Release|Any CPU
		{52F60584-4A1D-49AC-B212-599F2B4BF462}.Release|Any CPU.Build.0 = Release|Any CPU
		{2F8A63A5-122F-460E-8ED3-1944AEB7E342}.Debug|Any CPU.ActiveCfg = Debug|Any CPU
		{2F8A63A5-122F-460E-8ED3-1944AEB7E342}.Debug|Any CPU.Build.0 = Debug|Any CPU
		{2F8A63A5-122F-460E-8ED3-1944AEB7E342}.Release|Any CPU.ActiveCfg = Release|Any CPU
		{2F8A63A5-122F-460E-8ED3-1944AEB7E342}.Release|Any CPU.Build.0 = Release|Any CPU
		{587A7008-E9CE-42B9-AADB-4779CF3E6EC0}.Debug|Any CPU.ActiveCfg = Debug|Any CPU
		{587A7008-E9CE-42B9-AADB-4779CF3E6EC0}.Debug|Any CPU.Build.0 = Debug|Any CPU
		{587A7008-E9CE-42B9-AADB-4779CF3E6EC0}.Release|Any CPU.ActiveCfg = Release|Any CPU
		{587A7008-E9CE-42B9-AADB-4779CF3E6EC0}.Release|Any CPU.Build.0 = Release|Any CPU
	EndGlobalSection
	GlobalSection(SolutionProperties) = preSolution
		HideSolutionNode = FALSE
	EndGlobalSection
	GlobalSection(NestedProjects) = preSolution
		{2F8A63A5-122F-460E-8ED3-1944AEB7E342} = {CF1185A5-A312-4568-8D92-24CB67E40FB3}
		{587A7008-E9CE-42B9-AADB-4779CF3E6EC0} = {CF1185A5-A312-4568-8D92-24CB67E40FB3}
	EndGlobalSection
EndGlobal
